{
  "name": "@z11/shared-tokens",
  "version": "0.0.0",
  "lockfileVersion": 1,
  "requires": true,
  "dependencies": {
    "@types/color-convert": {
      "version": "1.9.0",
      "resolved": "https://registry.npmjs.org/@types/color-convert/-/color-convert-1.9.0.tgz",
      "integrity": "sha512-OKGEfULrvSL2VRbkl/gnjjgbbF7ycIlpSsX7Nkab4MOWi5XxmgBYvuiQ7lcCFY5cPDz7MUNaKgxte2VRmtr4Fg==",
      "dev": true,
      "requires": {
        "@types/color-name": "*"
      }
    },
    "@types/color-name": {
      "version": "1.1.1",
      "resolved": "https://registry.npmjs.org/@types/color-name/-/color-name-1.1.1.tgz",
      "integrity": "sha512-rr+OQyAjxze7GgWrSaJwydHStIhHq2lvY3BOC2Mj7KnzI7XK0Uw1TOOdI9lDoajEbSWLiYgoo4f1R51erQfhPQ==",
      "dev": true
    },
    "@types/tinycolor2": {
      "version": "1.4.2",
      "resolved": "https://registry.npmjs.org/@types/tinycolor2/-/tinycolor2-1.4.2.tgz",
      "integrity": "sha512-PeHg/AtdW6aaIO2a+98Xj7rWY4KC1E6yOy7AFknJQ7VXUGNrMlyxDFxJo7HqLtjQms/ZhhQX52mLVW/EX3JGOw==",
      "dev": true
    }
  }
}
