{
  "name": "@z11/build",
  "version": "0.0.0",
  "lockfileVersion": 1,
  "requires": true,
  "dependencies": {
    "@types/node": {
      "version": "14.14.0",
      "resolved": "https://registry.npmjs.org/@types/node/-/node-14.14.0.tgz",
      "integrity": "sha512-BfbIHP9IapdupGhq/hc+jT5dyiBVZ2DdeC5WwJWQWDb0GijQlzUFAeIQn/2GtvZcd2HVUU7An8felIICFTC2qg==",
      "dev": true
    },
    "@types/stylus": {
      "version": "0.48.33",
      "resolved": "https://registry.npmjs.org/@types/stylus/-/stylus-0.48.33.tgz",
      "integrity": "sha512-2uxz/OykfCkFOewBMw55GYVW9MGGgvmOvMR0bnLKD6HybK1QFspJlEwrHG9L5NDImoGRCbCfGFqlcoczfcf+RA==",
      "dev": true,
      "requires": {
        "@types/node": "*"
      }
    }
  }
}
